{
  "name": "plugin-boilerplate",
  "version": "1.0.0",
  "lockfileVersion": 1,
  "requires": true,
  "dependencies": {
    "hurry-plugin-definition": {
      "version": "1.0.1",
      "resolved": "https://registry.npmjs.org/hurry-plugin-definition/-/hurry-plugin-definition-1.0.1.tgz",
      "integrity": "sha512-EelHiuaeZjf2LqHhMWsEP42mmaj9X/2wb2y018F1/3WCyRrxs4MSXM4Twcaon/0mGne4Z2IV9UzlaMfpQ/tbqw=="
    }
  }
}
