# THIS IS AN AUTOGENERATED FILE. DO NOT EDIT THIS FILE DIRECTLY.
# yarn lockfile v1


babel-node@^0.0.1-security:
  version "0.0.1-security"
  resolved "https://registry.yarnpkg.com/babel-node/-/babel-node-0.0.1-security.tgz#cbff6d9e7a2acb4065c1839c234d5c57091d7217"
  integrity sha512-zF3D9H2FA2xrP+B/X462G+38aHpmR+33jBF7NowfPuV4CiPEzAR1Typ1RC+qPfe0vCeWeV0FLG2pfVGb0vIfeg==

hurry-plugin-definition@^1.0.1:
  version "1.0.1"
  resolved "https://registry.yarnpkg.com/hurry-plugin-definition/-/hurry-plugin-definition-1.0.1.tgz#2f3f82c703a42450d0b6d808d89afbac56675fc4"
  integrity sha512-EelHiuaeZjf2LqHhMWsEP42mmaj9X/2wb2y018F1/3WCyRrxs4MSXM4Twcaon/0mGne4Z2IV9UzlaMfpQ/tbqw==
